
Microsoft Visual Studio Solution File, Format Version 12.00
# Visual Studio 2012
Project("{FAE04EC0-301F-11D3-BF4B-00C04F79EFBC}") = "MvxScaffolding.Addin", "src\MvxScaffolding.Addin\MvxScaffolding.Addin.csproj", "{4D5CC207-DD9B-4AF3-BED4-1E00EC9E4DA4}"
EndProject
Global
	GlobalSection(SolutionConfigurationPlatforms) = preSolution
		Debug|Any CPU = Debug|Any CPU
		Release|Any CPU = Release|Any CPU
	EndGlobalSection
	GlobalSection(ProjectConfigurationPlatforms) = postSolution
		{4D5CC207-DD9B-4AF3-BED4-1E00EC9E4DA4}.Debug|Any CPU.ActiveCfg = Debug|Any CPU
		{4D5CC207-DD9B-4AF3-BED4-1E00EC9E4DA4}.Debug|Any CPU.Build.0 = Debug|Any CPU
		{4D5CC207-DD9B-4AF3-BED4-1E00EC9E4DA4}.Release|Any CPU.ActiveCfg = Release|Any CPU
		{4D5CC207-DD9B-4AF3-BED4-1E00EC9E4DA4}.Release|Any CPU.Build.0 = Release|Any CPU
	EndGlobalSection
EndGlobal
